
Microsoft Visual Studio Solution File, Format Version 12.00
# Visual Studio Version 17
VisualStudioVersion = 17.7.34024.191
MinimumVisualStudioVersion = 10.0.40219.1
Project("{FAE04EC0-301F-11D3-BF4B-00C04F79EFBC}") = "Jayride", "Jayride.csproj", "{A2CD2C10-61FE-40D5-BA7A-A10013A72EDE}"
EndProject
Global
	GlobalSection(SolutionConfigurationPlatforms) = preSolution
		Debug|Any CPU = Debug|Any CPU
		Release|Any CPU = Release|Any CPU
	EndGlobalSection
	GlobalSection(ProjectConfigurationPlatforms) = postSolution
		{A2CD2C10-61FE-40D5-BA7A-A10013A72EDE}.Debug|Any CPU.ActiveCfg = Debug|Any CPU
		{A2CD2C10-61FE-40D5-BA7A-A10013A72EDE}.Debug|Any CPU.Build.0 = Debug|Any CPU
		{A2CD2C10-61FE-40D5-BA7A-A10013A72EDE}.Release|Any CPU.ActiveCfg = Release|Any CPU
		{A2CD2C10-61FE-40D5-BA7A-A10013A72EDE}.Release|Any CPU.Build.0 = Release|Any CPU
	EndGlobalSection
	GlobalSection(SolutionProperties) = preSolution
		HideSolutionNode = FALSE
	EndGlobalSection
	GlobalSection(ExtensibilityGlobals) = postSolution
		SolutionGuid = {5DF572BC-312C-43EA-813A-9DE642B06DDC}
	EndGlobalSection
EndGlobal
